// !$*UTF8*$!
{
	archiveVersion = 1;
	classes = {
	};
	objectVersion = 46;
	objects = {

/* Begin PBXBuildFile section */
		207B1BAB1C075720003F8FDD /* AppDelegate.swift in Sources */ = {isa = PBXBuildFile; fileRef = 207B1BAA1C075720003F8FDD /* AppDelegate.swift */; };
		207B1BAD1C075720003F8FDD /* ViewController.swift in Sources */ = {isa = PBXBuildFile; fileRef = 207B1BAC1C075720003F8FDD /* ViewController.swift */; };
		207B1BB01C075721003F8FDD /* Main.storyboard in Resources */ = {isa = PBXBuildFile; fileRef = 207B1BAE1C075721003F8FDD /* Main.storyboard */; };
		207B1BB21C075721003F8FDD /* Assets.xcassets in Resources */ = {isa = PBXBuildFile; fileRef = 207B1BB11C075721003F8FDD /* Assets.xcassets */; };
		207B1BB51C075721003F8FDD /* LaunchScreen.storyboard in Resources */ = {isa = PBXBuildFile; fileRef = 207B1BB31C075721003F8FDD /* LaunchScreen.storyboard */; };
		9EE517171D42B750004A9623 /* TableViewController.swift in Sources */ = {isa = PBXBuildFile; fileRef = 9EE517161D42B750004A9623 /* TableViewController.swift */; };
/* End PBXBuildFile section */

/* Begin PBXFileReference section */
		207B1BA71C075720003F8FDD /* EvaluacionFinal.app */ = {isa = PBXFileReference; explicitFileType = wrapper.application; includeInIndex = 0; path = EvaluacionFinal.app; sourceTree = BUILT_PRODUCTS_DIR; };
		207B1BAA1C075720003F8FDD /* AppDelegate.swift */ = {isa = PBXFileReference; lastKnownFileType = sourcecode.swift; path = AppDelegate.swift; sourceTree = "<group>"; };
		207B1BAC1C075720003F8FDD /* ViewController.swift */ = {isa = PBXFileReference; lastKnownFileType = sourcecode.swift; path = ViewController.swift; sourceTree = "<group>"; };
		207B1BAF1C075721003F8FDD /* Base */ = {isa = PBXFileReference; lastKnownFileType = file.storyboard; name = Base; path = Base.lproj/Main.storyboard; sourceTree = "<group>"; };
		207B1BB11C075721003F8FDD /* Assets.xcassets */ = {isa = PBXFileReference; lastKnownFileType = folder.assetcatalog; path = Assets.xcassets; sourceTree = "<group>"; };
		207B1BB41C075721003F8FDD /* Base */ = {isa = PBXFileReference; lastKnownFileType = file.storyboard; name = Base; path = Base.lproj/LaunchScreen.storyboard; sourceTree = "<group>"; };
		207B1BB61C075721003F8FDD /* Info.plist */ = {isa = PBXFileReference; lastKnownFileType = text.plist.xml; path = Info.plist; sourceTree = "<group>"; };
		9EE517161D42B750004A9623 /* TableViewController.swift */ = {isa = PBXFileReference; fileEncoding = 4; lastKnownFileType = sourcecode.swift; name = TableViewController.swift; path = ../TableViewController.swift; sourceTree = "<group>"; };
/* End PBXFileReference section */

/* Begin PBXFrameworksBuildPhase section */
		207B1BA41C075720003F8FDD /* Frameworks */ = {
			isa = PBXFrameworksBuildPhase;
			buildActionMask = 2147483647;
			files = (
			);
			runOnlyForDeploymentPostprocessing = 0;
		};
/* End PBXFrameworksBuildPhase section */

/* Begin PBXGroup section */
		207B1B9E1C075720003F8FDD = {
			isa = PBXGroup;
			children = (
				207B1BA91C075720003F8FDD /* EvaluacionFinal-Mockup1 */,
				207B1BA81C075720003F8FDD /* Products */,
			);
			sourceTree = "<group>";
		};
		207B1BA81C075720003F8FDD /* Products */ = {
			isa = PBXGroup;
			children = (
				207B1BA71C075720003F8FDD /* EvaluacionFinal.app */,
			);
			name = Products;
			sourceTree = "<group>";
		};
		207B1BA91C075720003F8FDD /* EvaluacionFinal-Mockup1 */ = {
			isa = PBXGroup;
			children = (
				9EE517161D42B750004A9623 /* TableViewController.swift */,
				207B1BAA1C075720003F8FDD /* AppDelegate.swift */,
				207B1BAC1C075720003F8FDD /* ViewController.swift */,
				207B1BAE1C075721003F8FDD /* Main.storyboard */,
				207B1BB11C075721003F8FDD /* Assets.xcassets */,
				207B1BB31C075721003F8FDD /* LaunchScreen.storyboard */,
				207B1BB61C075721003F8FDD /* Info.plist */,
			);
			name = "EvaluacionFinal-Mockup1";
			path = ComidasDetails;
			sourceTree = "<group>";
		};
/* End PBXGroup section */

/* Begin PBXNativeTarget section */
		207B1BA61C075720003F8FDD /* EvaluacionFinal */ = {
			isa = PBXNativeTarget;
			buildConfigurationList = 207B1BB91C075721003F8FDD /* Build configuration list for PBXNativeTarget "EvaluacionFinal" */;
			buildPhases = (
				207B1BA31C075720003F8FDD /* Sources */,
				207B1BA41C075720003F8FDD /* Frameworks */,
				207B1BA51C075720003F8FDD /* Resources */,
			);
			buildRules = (
			);
			dependencies = (
			);
			name = EvaluacionFinal;
			productName = ComidasDetails;
			productReference = 207B1BA71C075720003F8FDD /* EvaluacionFinal.app */;
			productType = "com.apple.product-type.application";
		};
/* End PBXNativeTarget section */

/* Begin PBXProject section */
		207B1B9F1C075720003F8FDD /* Project object */ = {
			isa = PBXProject;
			attributes = {
				LastSwiftUpdateCheck = 0710;
				LastUpgradeCheck = 0710;
				ORGANIZATIONNAME = NextU;
				TargetAttributes = {
					207B1BA61C075720003F8FDD = {
						CreatedOnToolsVersion = 7.1.1;
						DevelopmentTeam = R8YBXXL33V;
					};
				};
			};
			buildConfigurationList = 207B1BA21C075720003F8FDD /* Build configuration list for PBXProject "EvaluacionFinal" */;
			compatibilityVersion = "Xcode 3.2";
			developmentRegion = English;
			hasScannedForEncodings = 0;
			knownRegions = (
				en,
				Base,
			);
			mainGroup = 207B1B9E1C075720003F8FDD;
			productRefGroup = 207B1BA81C075720003F8FDD /* Products */;
			projectDirPath = "";
			projectRoot = "";
			targets = (
				207B1BA61C075720003F8FDD /* EvaluacionFinal */,
			);
		};
/* End PBXProject section */

/* Begin PBXResourcesBuildPhase section */
		207B1BA51C075720003F8FDD /* Resources */ = {
			isa = PBXResourcesBuildPhase;
			buildActionMask = 2147483647;
			files = (
				207B1BB51C075721003F8FDD /* LaunchScreen.storyboard in Resources */,
				207B1BB21C075721003F8FDD /* Assets.xcassets in Resources */,
				207B1BB01C075721003F8FDD /* Main.storyboard in Resources */,
			);
			runOnlyForDeploymentPostprocessing = 0;
		};
/* End PBXResourcesBuildPhase section */

/* Begin PBXSourcesBuildPhase section */
		207B1BA31C075720003F8FDD /* Sources */ = {
			isa = PBXSourcesBuildPhase;
			buildActionMask = 2147483647;
			files = (
				207B1BAD1C075720003F8FDD /* ViewController.swift in Sources */,
				9EE517171D42B750004A9623 /* TableViewController.swift in Sources */,
				207B1BAB1C075720003F8FDD /* AppDelegate.swift in Sources */,
			);
			runOnlyForDeploymentPostprocessing = 0;
		};
/* End PBXSourcesBuildPhase section */

/* Begin PBXVariantGroup section */
		207B1BAE1C075721003F8FDD /* Main.storyboard */ = {
			isa = PBXVariantGroup;
			children = (
				207B1BAF1C075721003F8FDD /* Base */,
			);
			name = Main.storyboard;
			sourceTree = "<group>";
		};
		207B1BB31C075721003F8FDD /* LaunchScreen.storyboard */ = {
			isa = PBXVariantGroup;
			children = (
				207B1BB41C075721003F8FDD /* Base */,
			);
			name = LaunchScreen.storyboard;
			sourceTree = "<group>";
		};
/* End PBXVariantGroup section */

/* Begin XCBuildConfiguration section */
		207B1BB71C075721003F8FDD /* Debug */ = {
			isa = XCBuildConfiguration;
			buildSettings = {
				ALWAYS_SEARCH_USER_PATHS = NO;
				CLANG_CXX_LANGUAGE_STANDARD = "gnu++0x";
				CLANG_CXX_LIBRARY = "libc++";
				CLANG_ENABLE_MODULES = YES;
				CLANG_ENABLE_OBJC_ARC = YES;
				CLANG_WARN_BOOL_CONVERSION = YES;
				CLANG_WARN_CONSTANT_CONVERSION = YES;
				CLANG_WARN_DIRECT_OBJC_ISA_USAGE = YES_ERROR;
				CLANG_WARN_EMPTY_BODY = YES;
				CLANG_WARN_ENUM_CONVERSION = YES;
				CLANG_WARN_INT_CONVERSION = YES;
				CLANG_WARN_OBJC_ROOT_CLASS = YES_ERROR;
				CLANG_WARN_UNREACHABLE_CODE = YES;
				CLANG_WARN__DUPLICATE_METHOD_MATCH = YES;
				"CODE_SIGN_IDENTITY[sdk=iphoneos*]" = "iPhone Developer";
				COPY_PHASE_STRIP = NO;
				DEBUG_INFORMATION_FORMAT = dwarf;
				ENABLE_STRICT_OBJC_MSGSEND = YES;
				ENABLE_TESTABILITY = YES;
				GCC_C_LANGUAGE_STANDARD = gnu99;
				GCC_DYNAMIC_NO_PIC = NO;
				GCC_NO_COMMON_BLOCKS = YES;
				GCC_OPTIMIZATION_LEVEL = 0;
				GCC_PREPROCESSOR_DEFINITIONS = (
					"DEBUG=1",
					"$(inherited)",
				);
				GCC_WARN_64_TO_32_BIT_CONVERSION = YES;
				GCC_WARN_ABOUT_RETURN_TYPE = YES_ERROR;
				GCC_WARN_UNDECLARED_SELECTOR = YES;
				GCC_WARN_UNINITIALIZED_AUTOS = YES_AGGRESSIVE;
				GCC_WARN_UNUSED_FUNCTION = YES;
				GCC_WARN_UNUSED_VARIABLE = YES;
				IPHONEOS_DEPLOYMENT_TARGET = 9.1;
				MTL_ENABLE_DEBUG_INFO = YES;
				ONLY_ACTIVE_ARCH = YES;
				SDKROOT = iphoneos;
				SWIFT_OPTIMIZATION_LEVEL = "-Onone";
				TARGETED_DEVICE_FAMILY = "1,2";
			};
			name = Debug;
		};
		207B1BB81C075721003F8FDD /* Release */ = {
			isa = XCBuildConfiguration;
			buildSettings = {
				ALWAYS_SEARCH_USER_PATHS = NO;
				CLANG_CXX_LANGUAGE_STANDARD = "gnu++0x";
				CLANG_CXX_LIBRARY = "libc++";
				CLANG_ENABLE_MODULES = YES;
				CLANG_ENABLE_OBJC_ARC = YES;
				CLANG_WARN_BOOL_CONVERSION = YES;
				CLANG_WARN_CONSTANT_CONVERSION = YES;
				CLANG_WARN_DIRECT_OBJC_ISA_USAGE = YES_ERROR;
				CLANG_WARN_EMPTY_BODY = YES;
				CLANG_WARN_ENUM_CONVERSION = YES;
				CLANG_WARN_INT_CONVERSION = YES;
				CLANG_WARN_OBJC_ROOT_CLASS = YES_ERROR;
				CLANG_WARN_UNREACHABLE_CODE = YES;
				CLANG_WARN__DUPLICATE_METHOD_MATCH = YES;
				"CODE_SIGN_IDENTITY[sdk=iphoneos*]" = "iPhone Developer";
				COPY_PHASE_STRIP = NO;
				DEBUG_INFORMATION_FORMAT = "dwarf-with-dsym";
				ENABLE_NS_ASSERTIONS = NO;
				ENABLE_STRICT_OBJC_MSGSEND = YES;
				GCC_C_LANGUAGE_STANDARD = gnu99;
				GCC_NO_COMMON_BLOCKS = YES;
				GCC_WARN_64_TO_32_BIT_CONVERSION = YES;
				GCC_WARN_ABOUT_RETURN_TYPE = YES_ERROR;
				GCC_WARN_UNDECLARED_SELECTOR = YES;
				GCC_WARN_UNINITIALIZED_AUTOS = YES_AGGRESSIVE;
				GCC_WARN_UNUSED_FUNCTION = YES;
				GCC_WARN_UNUSED_VARIABLE = YES;
				IPHONEOS_DEPLOYMENT_TARGET = 9.1;
				MTL_ENABLE_DEBUG_INFO = NO;
				SDKROOT = iphoneos;
				TARGETED_DEVICE_FAMILY = "1,2";
				VALIDATE_PRODUCT = YES;
			};
			name = Release;
		};
		207B1BBA1C075721003F8FDD /* Debug */ = {
			isa = XCBuildConfiguration;
			buildSettings = {
				ASSETCATALOG_COMPILER_APPICON_NAME = AppIcon;
				CODE_SIGN_IDENTITY = "iPhone Developer";
				"CODE_SIGN_IDENTITY[sdk=iphoneos*]" = "iPhone Developer";
				INFOPLIST_FILE = ComidasDetails/Info.plist;
				LD_RUNPATH_SEARCH_PATHS = "$(inherited) @executable_path/Frameworks";
				PRODUCT_BUNDLE_IDENTIFIER = edu.nextu.ComidasDetails;
				PRODUCT_NAME = EvaluacionFinal;
				PROVISIONING_PROFILE = "";
				TARGETED_DEVICE_FAMILY = 2;
			};
			name = Debug;
		};
		207B1BBB1C075721003F8FDD /* Release */ = {
			isa = XCBuildConfiguration;
			buildSettings = {
				ASSETCATALOG_COMPILER_APPICON_NAME = AppIcon;
				CODE_SIGN_IDENTITY = "iPhone Developer";
				"CODE_SIGN_IDENTITY[sdk=iphoneos*]" = "iPhone Developer";
				INFOPLIST_FILE = ComidasDetails/Info.plist;
				LD_RUNPATH_SEARCH_PATHS = "$(inherited) @executable_path/Frameworks";
				PRODUCT_BUNDLE_IDENTIFIER = edu.nextu.ComidasDetails;
				PRODUCT_NAME = EvaluacionFinal;
				PROVISIONING_PROFILE = "";
				TARGETED_DEVICE_FAMILY = 2;
			};
			name = Release;
		};
/* End XCBuildConfiguration section */

/* Begin XCConfigurationList section */
		207B1BA21C075720003F8FDD /* Build configuration list for PBXProject "EvaluacionFinal" */ = {
			isa = XCConfigurationList;
			buildConfigurations = (
				207B1BB71C075721003F8FDD /* Debug */,
				207B1BB81C075721003F8FDD /* Release */,
			);
			defaultConfigurationIsVisible = 0;
			defaultConfigurationName = Release;
		};
		207B1BB91C075721003F8FDD /* Build configuration list for PBXNativeTarget "EvaluacionFinal" */ = {
			isa = XCConfigurationList;
			buildConfigurations = (
				207B1BBA1C075721003F8FDD /* Debug */,
				207B1BBB1C075721003F8FDD /* Release */,
			);
			defaultConfigurationIsVisible = 0;
			defaultConfigurationName = Release;
		};
/* End XCConfigurationList section */
	};
	rootObject = 207B1B9F1C075720003F8FDD /* Project object */;
}
